
Microsoft Visual Studio Solution File, Format Version 12.00
# Visual Studio Version 17
VisualStudioVersion = 17.5.33502.453
MinimumVisualStudioVersion = 10.0.40219.1
Project("{FAE04EC0-301F-11D3-BF4B-00C04F79EFBC}") = "th2.2", "th2.2\th2.2.csproj", "{C6D66400-B581-4F57-AA29-07AC1070C72A}"
EndProject
Global
	GlobalSection(SolutionConfigurationPlatforms) = preSolution
		Debug|Any CPU = Debug|Any CPU
		Release|Any CPU = Release|Any CPU
	EndGlobalSection
	GlobalSection(ProjectConfigurationPlatforms) = postSolution
		{C6D66400-B581-4F57-AA29-07AC1070C72A}.Debug|Any CPU.ActiveCfg = Debug|Any CPU
		{C6D66400-B581-4F57-AA29-07AC1070C72A}.Debug|Any CPU.Build.0 = Debug|Any CPU
		{C6D66400-B581-4F57-AA29-07AC1070C72A}.Release|Any CPU.ActiveCfg = Release|Any CPU
		{C6D66400-B581-4F57-AA29-07AC1070C72A}.Release|Any CPU.Build.0 = Release|Any CPU
	EndGlobalSection
	GlobalSection(SolutionProperties) = preSolution
		HideSolutionNode = FALSE
	EndGlobalSection
	GlobalSection(ExtensibilityGlobals) = postSolution
		SolutionGuid = {5A0A13C9-B8D3-4917-A681-A35F453AB3B4}
	EndGlobalSection
EndGlobal
